// !$*UTF8*$!
{
	archiveVersion = 1;
	classes = {
	};
	objectVersion = 46;
	objects = {

/* Begin PBXBuildFile section */
		BA11700D1BBEAA0900C091D4 /* AppDelegate.swift in Sources */ = {isa = PBXBuildFile; fileRef = BA11700C1BBEAA0900C091D4 /* AppDelegate.swift */; };
		BA11700F1BBEAA0900C091D4 /* ViewController.swift in Sources */ = {isa = PBXBuildFile; fileRef = BA11700E1BBEAA0900C091D4 /* ViewController.swift */; };
		BA1170121BBEAA0900C091D4 /* Main.storyboard in Resources */ = {isa = PBXBuildFile; fileRef = BA1170101BBEAA0900C091D4 /* Main.storyboard */; };
		BA1170141BBEAA0900C091D4 /* Assets.xcassets in Resources */ = {isa = PBXBuildFile; fileRef = BA1170131BBEAA0900C091D4 /* Assets.xcassets */; };
		BA1170171BBEAA0900C091D4 /* LaunchScreen.storyboard in Resources */ = {isa = PBXBuildFile; fileRef = BA1170151BBEAA0900C091D4 /* LaunchScreen.storyboard */; };
/* End PBXBuildFile section */

/* Begin PBXFileReference section */
		BA1170091BBEAA0900C091D4 /* BMI.app */ = {isa = PBXFileReference; explicitFileType = wrapper.application; includeInIndex = 0; path = BMI.app; sourceTree = BUILT_PRODUCTS_DIR; };
		BA11700C1BBEAA0900C091D4 /* AppDelegate.swift */ = {isa = PBXFileReference; lastKnownFileType = sourcecode.swift; path = AppDelegate.swift; sourceTree = "<group>"; };
		BA11700E1BBEAA0900C091D4 /* ViewController.swift */ = {isa = PBXFileReference; lastKnownFileType = sourcecode.swift; path = ViewController.swift; sourceTree = "<group>"; };
		BA1170111BBEAA0900C091D4 /* Base */ = {isa = PBXFileReference; lastKnownFileType = file.storyboard; name = Base; path = Base.lproj/Main.storyboard; sourceTree = "<group>"; };
		BA1170131BBEAA0900C091D4 /* Assets.xcassets */ = {isa = PBXFileReference; lastKnownFileType = folder.assetcatalog; path = Assets.xcassets; sourceTree = "<group>"; };
		BA1170161BBEAA0900C091D4 /* Base */ = {isa = PBXFileReference; lastKnownFileType = file.storyboard; name = Base; path = Base.lproj/LaunchScreen.storyboard; sourceTree = "<group>"; };
		BA1170181BBEAA0900C091D4 /* Info.plist */ = {isa = PBXFileReference; lastKnownFileType = text.plist.xml; path = Info.plist; sourceTree = "<group>"; };
/* End PBXFileReference section */

/* Begin PBXFrameworksBuildPhase section */
		BA1170061BBEAA0900C091D4 /* Frameworks */ = {
			isa = PBXFrameworksBuildPhase;
			buildActionMask = 2147483647;
			files = (
			);
			runOnlyForDeploymentPostprocessing = 0;
		};
/* End PBXFrameworksBuildPhase section */

/* Begin PBXGroup section */
		BA1170001BBEAA0900C091D4 = {
			isa = PBXGroup;
			children = (
				BA11700B1BBEAA0900C091D4 /* BMI */,
				BA11700A1BBEAA0900C091D4 /* Products */,
			);
			sourceTree = "<group>";
		};
		BA11700A1BBEAA0900C091D4 /* Products */ = {
			isa = PBXGroup;
			children = (
				BA1170091BBEAA0900C091D4 /* BMI.app */,
			);
			name = Products;
			sourceTree = "<group>";
		};
		BA11700B1BBEAA0900C091D4 /* BMI */ = {
			isa = PBXGroup;
			children = (
				BA11700C1BBEAA0900C091D4 /* AppDelegate.swift */,
				BA11700E1BBEAA0900C091D4 /* ViewController.swift */,
				BA1170101BBEAA0900C091D4 /* Main.storyboard */,
				BA1170131BBEAA0900C091D4 /* Assets.xcassets */,
				BA1170151BBEAA0900C091D4 /* LaunchScreen.storyboard */,
				BA1170181BBEAA0900C091D4 /* Info.plist */,
			);
			path = BMI;
			sourceTree = "<group>";
		};
/* End PBXGroup section */

/* Begin PBXNativeTarget section */
		BA1170081BBEAA0900C091D4 /* BMI */ = {
			isa = PBXNativeTarget;
			buildConfigurationList = BA11701B1BBEAA0900C091D4 /* Build configuration list for PBXNativeTarget "BMI" */;
			buildPhases = (
				BA1170051BBEAA0900C091D4 /* Sources */,
				BA1170061BBEAA0900C091D4 /* Frameworks */,
				BA1170071BBEAA0900C091D4 /* Resources */,
			);
			buildRules = (
			);
			dependencies = (
			);
			name = BMI;
			productName = BMI;
			productReference = BA1170091BBEAA0900C091D4 /* BMI.app */;
			productType = "com.apple.product-type.application";
		};
/* End PBXNativeTarget section */

/* Begin PBXProject section */
		BA1170011BBEAA0900C091D4 /* Project object */ = {
			isa = PBXProject;
			attributes = {
				LastUpgradeCheck = 0700;
				ORGANIZATIONNAME = "Thomas Karg";
				TargetAttributes = {
					BA1170081BBEAA0900C091D4 = {
						CreatedOnToolsVersion = 7.0.1;
						DevelopmentTeam = V7D269JMMB;
					};
				};
			};
			buildConfigurationList = BA1170041BBEAA0900C091D4 /* Build configuration list for PBXProject "BMI" */;
			compatibilityVersion = "Xcode 3.2";
			developmentRegion = English;
			hasScannedForEncodings = 0;
			knownRegions = (
				en,
				Base,
			);
			mainGroup = BA1170001BBEAA0900C091D4;
			productRefGroup = BA11700A1BBEAA0900C091D4 /* Products */;
			projectDirPath = "";
			projectRoot = "";
			targets = (
				BA1170081BBEAA0900C091D4 /* BMI */,
			);
		};
/* End PBXProject section */

/* Begin PBXResourcesBuildPhase section */
		BA1170071BBEAA0900C091D4 /* Resources */ = {
			isa = PBXResourcesBuildPhase;
			buildActionMask = 2147483647;
			files = (
				BA1170171BBEAA0900C091D4 /* LaunchScreen.storyboard in Resources */,
				BA1170141BBEAA0900C091D4 /* Assets.xcassets in Resources */,
				BA1170121BBEAA0900C091D4 /* Main.storyboard in Resources */,
			);
			runOnlyForDeploymentPostprocessing = 0;
		};
/* End PBXResourcesBuildPhase section */

/* Begin PBXSourcesBuildPhase section */
		BA1170051BBEAA0900C091D4 /* Sources */ = {
			isa = PBXSourcesBuildPhase;
			buildActionMask = 2147483647;
			files = (
				BA11700F1BBEAA0900C091D4 /* ViewController.swift in Sources */,
				BA11700D1BBEAA0900C091D4 /* AppDelegate.swift in Sources */,
			);
			runOnlyForDeploymentPostprocessing = 0;
		};
/* End PBXSourcesBuildPhase section */

/* Begin PBXVariantGroup section */
		BA1170101BBEAA0900C091D4 /* Main.storyboard */ = {
			isa = PBXVariantGroup;
			children = (
				BA1170111BBEAA0900C091D4 /* Base */,
			);
			name = Main.storyboard;
			sourceTree = "<group>";
		};
		BA1170151BBEAA0900C091D4 /* LaunchScreen.storyboard */ = {
			isa = PBXVariantGroup;
			children = (
				BA1170161BBEAA0900C091D4 /* Base */,
			);
			name = LaunchScreen.storyboard;
			sourceTree = "<group>";
		};
/* End PBXVariantGroup section */

/* Begin XCBuildConfiguration section */
		BA1170191BBEAA0900C091D4 /* Debug */ = {
			isa = XCBuildConfiguration;
			buildSettings = {
				ALWAYS_SEARCH_USER_PATHS = NO;
				CLANG_CXX_LANGUAGE_STANDARD = "gnu++0x";
				CLANG_CXX_LIBRARY = "libc++";
				CLANG_ENABLE_MODULES = YES;
				CLANG_ENABLE_OBJC_ARC = YES;
				CLANG_WARN_BOOL_CONVERSION = YES;
				CLANG_WARN_CONSTANT_CONVERSION = YES;
				CLANG_WARN_DIRECT_OBJC_ISA_USAGE = YES_ERROR;
				CLANG_WARN_EMPTY_BODY = YES;
				CLANG_WARN_ENUM_CONVERSION = YES;
				CLANG_WARN_INT_CONVERSION = YES;
				CLANG_WARN_OBJC_ROOT_CLASS = YES_ERROR;
				CLANG_WARN_UNREACHABLE_CODE = YES;
				CLANG_WARN__DUPLICATE_METHOD_MATCH = YES;
				"CODE_SIGN_IDENTITY[sdk=iphoneos*]" = "iPhone Developer";
				COPY_PHASE_STRIP = NO;
				DEBUG_INFORMATION_FORMAT = dwarf;
				ENABLE_STRICT_OBJC_MSGSEND = YES;
				ENABLE_TESTABILITY = YES;
				GCC_C_LANGUAGE_STANDARD = gnu99;
				GCC_DYNAMIC_NO_PIC = NO;
				GCC_NO_COMMON_BLOCKS = YES;
				GCC_OPTIMIZATION_LEVEL = 0;
				GCC_PREPROCESSOR_DEFINITIONS = (
					"DEBUG=1",
					"$(inherited)",
				);
				GCC_WARN_64_TO_32_BIT_CONVERSION = YES;
				GCC_WARN_ABOUT_RETURN_TYPE = YES_ERROR;
				GCC_WARN_UNDECLARED_SELECTOR = YES;
				GCC_WARN_UNINITIALIZED_AUTOS = YES_AGGRESSIVE;
				GCC_WARN_UNUSED_FUNCTION = YES;
				GCC_WARN_UNUSED_VARIABLE = YES;
				IPHONEOS_DEPLOYMENT_TARGET = 9.0;
				MTL_ENABLE_DEBUG_INFO = YES;
				ONLY_ACTIVE_ARCH = YES;
				SDKROOT = iphoneos;
				SWIFT_OPTIMIZATION_LEVEL = "-Onone";
			};
			name = Debug;
		};
		BA11701A1BBEAA0900C091D4 /* Release */ = {
			isa = XCBuildConfiguration;
			buildSettings = {
				ALWAYS_SEARCH_USER_PATHS = NO;
				CLANG_CXX_LANGUAGE_STANDARD = "gnu++0x";
				CLANG_CXX_LIBRARY = "libc++";
				CLANG_ENABLE_MODULES = YES;
				CLANG_ENABLE_OBJC_ARC = YES;
				CLANG_WARN_BOOL_CONVERSION = YES;
				CLANG_WARN_CONSTANT_CONVERSION = YES;
				CLANG_WARN_DIRECT_OBJC_ISA_USAGE = YES_ERROR;
				CLANG_WARN_EMPTY_BODY = YES;
				CLANG_WARN_ENUM_CONVERSION = YES;
				CLANG_WARN_INT_CONVERSION = YES;
				CLANG_WARN_OBJC_ROOT_CLASS = YES_ERROR;
				CLANG_WARN_UNREACHABLE_CODE = YES;
				CLANG_WARN__DUPLICATE_METHOD_MATCH = YES;
				"CODE_SIGN_IDENTITY[sdk=iphoneos*]" = "iPhone Developer";
				COPY_PHASE_STRIP = NO;
				DEBUG_INFORMATION_FORMAT = "dwarf-with-dsym";
				ENABLE_NS_ASSERTIONS = NO;
				ENABLE_STRICT_OBJC_MSGSEND = YES;
				GCC_C_LANGUAGE_STANDARD = gnu99;
				GCC_NO_COMMON_BLOCKS = YES;
				GCC_WARN_64_TO_32_BIT_CONVERSION = YES;
				GCC_WARN_ABOUT_RETURN_TYPE = YES_ERROR;
				GCC_WARN_UNDECLARED_SELECTOR = YES;
				GCC_WARN_UNINITIALIZED_AUTOS = YES_AGGRESSIVE;
				GCC_WARN_UNUSED_FUNCTION = YES;
				GCC_WARN_UNUSED_VARIABLE = YES;
				IPHONEOS_DEPLOYMENT_TARGET = 9.0;
				MTL_ENABLE_DEBUG_INFO = NO;
				SDKROOT = iphoneos;
				VALIDATE_PRODUCT = YES;
			};
			name = Release;
		};
		BA11701C1BBEAA0900C091D4 /* Debug */ = {
			isa = XCBuildConfiguration;
			buildSettings = {
				ASSETCATALOG_COMPILER_APPICON_NAME = AppIcon;
				INFOPLIST_FILE = BMI/Info.plist;
				LD_RUNPATH_SEARCH_PATHS = "$(inherited) @executable_path/Frameworks";
				PRODUCT_BUNDLE_IDENTIFIER = com.karg.BMI;
				PRODUCT_NAME = "$(TARGET_NAME)";
			};
			name = Debug;
		};
		BA11701D1BBEAA0900C091D4 /* Release */ = {
			isa = XCBuildConfiguration;
			buildSettings = {
				ASSETCATALOG_COMPILER_APPICON_NAME = AppIcon;
				INFOPLIST_FILE = BMI/Info.plist;
				LD_RUNPATH_SEARCH_PATHS = "$(inherited) @executable_path/Frameworks";
				PRODUCT_BUNDLE_IDENTIFIER = com.karg.BMI;
				PRODUCT_NAME = "$(TARGET_NAME)";
			};
			name = Release;
		};
/* End XCBuildConfiguration section */

/* Begin XCConfigurationList section */
		BA1170041BBEAA0900C091D4 /* Build configuration list for PBXProject "BMI" */ = {
			isa = XCConfigurationList;
			buildConfigurations = (
				BA1170191BBEAA0900C091D4 /* Debug */,
				BA11701A1BBEAA0900C091D4 /* Release */,
			);
			defaultConfigurationIsVisible = 0;
			defaultConfigurationName = Release;
		};
		BA11701B1BBEAA0900C091D4 /* Build configuration list for PBXNativeTarget "BMI" */ = {
			isa = XCConfigurationList;
			buildConfigurations = (
				BA11701C1BBEAA0900C091D4 /* Debug */,
				BA11701D1BBEAA0900C091D4 /* Release */,
			);
			defaultConfigurationIsVisible = 0;
		};
/* End XCConfigurationList section */
	};
	rootObject = BA1170011BBEAA0900C091D4 /* Project object */;
}
